<?xml version="1.0" encoding="utf-8"?>
<Project ToolsVersion="4.0" xmlns="http://schemas.microsoft.com/developer/msbuild/2003">
  <ItemGroup>
    <Filter Include="Quelldateien">
      <UniqueIdentifier>{4FC737F1-C7A5-4376-A066-2A32D752A2FF}</UniqueIdentifier>
      <Extensions>cpp;c;cc;cxx;def;odl;idl;hpj;bat;asm;asmx</Extensions>
    </Filter>
    <Filter Include="Headerdateien">
      <UniqueIdentifier>{93995380-89BD-4b04-88EB-625FBE52EBFB}</UniqueIdentifier>
      <Extensions>h;hh;hpp;hxx;hm;inl;inc;xsd</Extensions>
    </Filter>
    <Filter Include="Ressourcendateien">
      <UniqueIdentifier>{67DA6AB6-F800-4c08-8B7A-83BB121AAD01}</UniqueIdentifier>
      <Extensions>rc;ico;cur;bmp;dlg;rc2;rct;bin;rgs;gif;jpg;jpeg;jpe;resx;tiff;tif;png;wav;mfcribbon-ms</Extensions>
    </Filter>
    <Filter Include="Headerdateien\Classes">
      <UniqueIdentifier>{85b53186-399d-4304-b05f-9e952a5c6258}</UniqueIdentifier>
    </Filter>
    <Filter Include="Quelldateien\Classes">
      <UniqueIdentifier>{de63c235-0e2f-4531-b0ca-e6b8885f47f4}</UniqueIdentifier>
    </Filter>
  </ItemGroup>
  <ItemGroup>
    <ClInclude Include="..\..\source\base.h">
      <Filter>Headerdateien</Filter>
    </ClInclude>
    <ClInclude Include="..\..\source\Dragon2D.h">
      <Filter>Headerdateien</Filter>
    </ClInclude>
    <ClInclude Include="..\..\source\Classes\BaseClass.h">
      <Filter>Headerdateien\Classes</Filter>
    </ClInclude>
    <ClInclude Include="..\..\source\Classes\Env.h">
      <Filter>Headerdateien\Classes</Filter>
    </ClInclude>
    <ClInclude Include="..\..\source\Classes\Audio.h">
      <Filter>Headerdateien\Classes</Filter>
    </ClInclude>
    <ClInclude Include="..\..\source\Classes\GameManager.h">
      <Filter>Headerdateien\Classes</Filter>
    </ClInclude>
    <ClInclude Include="..\..\source\Classes\ResourceManager.h">
      <Filter>Headerdateien\Classes</Filter>
    </ClInclude>
    <ClInclude Include="..\..\source\Classes\ScriptEngine.h">
      <Filter>Headerdateien\Classes</Filter>
    </ClInclude>
    <ClInclude Include="..\..\source\Classes\ScriptLibHelper.h">
      <Filter>Headerdateien\Classes</Filter>
    </ClInclude>
    <ClInclude Include="..\..\source\Classes\Ui.h">
      <Filter>Headerdateien\Classes</Filter>
    </ClInclude>
  </ItemGroup>
  <ItemGroup>
    <ClCompile Include="..\..\source\Dragon2D.cpp">
      <Filter>Quelldateien</Filter>
    </ClCompile>
    <ClCompile Include="..\..\source\Classes\BaseClass.cpp">
      <Filter>Quelldateien\Classes</Filter>
    </ClCompile>
    <ClCompile Include="..\..\source\Classes\Env.cpp">
      <Filter>Quelldateien\Classes</Filter>
    </ClCompile>
    <ClCompile Include="..\..\source\Classes\GameManager.cpp">
      <Filter>Quelldateien\Classes</Filter>
    </ClCompile>
    <ClCompile Include="..\..\source\Classes\ResourceManager.cpp">
      <Filter>Quelldateien\Classes</Filter>
    </ClCompile>
    <ClCompile Include="..\..\source\base.cpp">
      <Filter>Quelldateien</Filter>
    </ClCompile>
    <ClCompile Include="..\..\source\Classes\ScriptLibHelper.cpp">
      <Filter>Quelldateien\Classes</Filter>
    </ClCompile>
    <ClCompile Include="..\..\source\Classes\ScriptEngine.cpp">
      <Filter>Quelldateien\Classes</Filter>
    </ClCompile>
    <ClCompile Include="..\..\source\Classes\Ui.cpp">
      <Filter>Quelldateien\Classes</Filter>
    </ClCompile>
  </ItemGroup>
  <ItemGroup>
    <None Include="ClassDiagram.cd" />
  </ItemGroup>
</Project>